
Microsoft Visual Studio Solution File, Format Version 12.00
# Visual Studio Version 17
VisualStudioVersion = 17.11.35208.52
MinimumVisualStudioVersion = 10.0.40219.1
Project("{FAE04EC0-301F-11D3-BF4B-00C04F79EFBC}") = "Candidatura estagio", "Candidatura estagio\Candidatura estagio.csproj", "{15173738-A8FF-465C-815F-8DFFEF28131D}"
EndProject
Global
	GlobalSection(SolutionConfigurationPlatforms) = preSolution
		Debug|Any CPU = Debug|Any CPU
		Release|Any CPU = Release|Any CPU
	EndGlobalSection
	GlobalSection(ProjectConfigurationPlatforms) = postSolution
		{15173738-A8FF-465C-815F-8DFFEF28131D}.Debug|Any CPU.ActiveCfg = Debug|Any CPU
		{15173738-A8FF-465C-815F-8DFFEF28131D}.Debug|Any CPU.Build.0 = Debug|Any CPU
		{15173738-A8FF-465C-815F-8DFFEF28131D}.Release|Any CPU.ActiveCfg = Release|Any CPU
		{15173738-A8FF-465C-815F-8DFFEF28131D}.Release|Any CPU.Build.0 = Release|Any CPU
	EndGlobalSection
	GlobalSection(SolutionProperties) = preSolution
		HideSolutionNode = FALSE
	EndGlobalSection
	GlobalSection(ExtensibilityGlobals) = postSolution
		SolutionGuid = {55FBFB30-7426-4F61-8576-76B73BDB89E2}
	EndGlobalSection
EndGlobal
